// !$*UTF8*$!
{
	archiveVersion = 1;
	classes = {
	};
	objectVersion = 56;
	objects = {

/* Begin PBXBuildFile section */
		903946372A00BDEF004FF650 /* MobbinTextButton.swift in Sources */ = {isa = PBXBuildFile; fileRef = 903946362A00BDEF004FF650 /* MobbinTextButton.swift */; };
		903946392A00DB97004FF650 /* MobbinButton.swift in Sources */ = {isa = PBXBuildFile; fileRef = 903946382A00DB97004FF650 /* MobbinButton.swift */; };
		9039463C2A01222B004FF650 /* LoginViewModel.swift in Sources */ = {isa = PBXBuildFile; fileRef = 9039463B2A01222B004FF650 /* LoginViewModel.swift */; };
		903946412A0542FE004FF650 /* MobAppModel.swift in Sources */ = {isa = PBXBuildFile; fileRef = 903946402A0542FE004FF650 /* MobAppModel.swift */; };
		903946442A054A3F004FF650 /* LoginPublisher.swift in Sources */ = {isa = PBXBuildFile; fileRef = 903946432A054A3F004FF650 /* LoginPublisher.swift */; };
		903946462A06823F004FF650 /* MobbinScreenButton.swift in Sources */ = {isa = PBXBuildFile; fileRef = 903946452A06823F004FF650 /* MobbinScreenButton.swift */; };
		903946482A0682A7004FF650 /* MobbinStatusButton.swift in Sources */ = {isa = PBXBuildFile; fileRef = 903946472A0682A7004FF650 /* MobbinStatusButton.swift */; };
		9039464A2A068467004FF650 /* CircleProgressView.swift in Sources */ = {isa = PBXBuildFile; fileRef = 903946492A068467004FF650 /* CircleProgressView.swift */; };
		908E67012A07CD3A005C5BC8 /* MobbinPlatformSwitcher.swift in Sources */ = {isa = PBXBuildFile; fileRef = 908E67002A07CD3A005C5BC8 /* MobbinPlatformSwitcher.swift */; };
		908E67042A07D347005C5BC8 /* Platform.swift in Sources */ = {isa = PBXBuildFile; fileRef = 908E67032A07D347005C5BC8 /* Platform.swift */; };
		908E67072A08DC03005C5BC8 /* MobbinNavigationView.swift in Sources */ = {isa = PBXBuildFile; fileRef = 908E67062A08DC03005C5BC8 /* MobbinNavigationView.swift */; };
		908E670A2A08F4FA005C5BC8 /* MobbinNavigationBar.swift in Sources */ = {isa = PBXBuildFile; fileRef = 908E67092A08F4FA005C5BC8 /* MobbinNavigationBar.swift */; };
		908E670C2A08F5C0005C5BC8 /* NavigationViewModel.swift in Sources */ = {isa = PBXBuildFile; fileRef = 908E670B2A08F5C0005C5BC8 /* NavigationViewModel.swift */; };
		908E670E2A08F6D4005C5BC8 /* MobbinAvatarView.swift in Sources */ = {isa = PBXBuildFile; fileRef = 908E670D2A08F6D3005C5BC8 /* MobbinAvatarView.swift */; };
		908E67112A08F951005C5BC8 /* SizeInRuntime.swift in Sources */ = {isa = PBXBuildFile; fileRef = 908E67102A08F951005C5BC8 /* SizeInRuntime.swift */; };
		908E67132A08FBEE005C5BC8 /* Section.swift in Sources */ = {isa = PBXBuildFile; fileRef = 908E67122A08FBEE005C5BC8 /* Section.swift */; };
		908E67152A094185005C5BC8 /* ScrollOffset.swift in Sources */ = {isa = PBXBuildFile; fileRef = 908E67142A094185005C5BC8 /* ScrollOffset.swift */; };
		908E67172A094551005C5BC8 /* MobbinSectionButton.swift in Sources */ = {isa = PBXBuildFile; fileRef = 908E67162A094551005C5BC8 /* MobbinSectionButton.swift */; };
		908E67382A0A0805005C5BC8 /* KeyboardBackground.swift in Sources */ = {isa = PBXBuildFile; fileRef = 908E67372A0A0805005C5BC8 /* KeyboardBackground.swift */; };
		908E673A2A0A0929005C5BC8 /* TouncDown.swift in Sources */ = {isa = PBXBuildFile; fileRef = 908E67392A0A0929005C5BC8 /* TouncDown.swift */; };
		908E673C2A0A14AB005C5BC8 /* MobbinPlatformPicker.swift in Sources */ = {isa = PBXBuildFile; fileRef = 908E673B2A0A14AB005C5BC8 /* MobbinPlatformPicker.swift */; };
		90B9703E2A0B4E8300BE7DAF /* VisualEffectView in Frameworks */ = {isa = PBXBuildFile; productRef = 90B9703D2A0B4E8300BE7DAF /* VisualEffectView */; };
		90B970412A0B70A300BE7DAF /* AppListItem.swift in Sources */ = {isa = PBXBuildFile; fileRef = 90B970402A0B70A300BE7DAF /* AppListItem.swift */; };
		90B970432A0B70B100BE7DAF /* LoadingView.swift in Sources */ = {isa = PBXBuildFile; fileRef = 90B970422A0B70B100BE7DAF /* LoadingView.swift */; };
		90B970452A0B713F00BE7DAF /* Indicator.swift in Sources */ = {isa = PBXBuildFile; fileRef = 90B970442A0B713F00BE7DAF /* Indicator.swift */; };
		90B970472A0B71FE00BE7DAF /* ListView.swift in Sources */ = {isa = PBXBuildFile; fileRef = 90B970462A0B71FE00BE7DAF /* ListView.swift */; };
		90B970492A0B727A00BE7DAF /* ListViewModel.swift in Sources */ = {isa = PBXBuildFile; fileRef = 90B970482A0B727A00BE7DAF /* ListViewModel.swift */; };
		90B9704C2A0B732A00BE7DAF /* MobbinApp.swift in Sources */ = {isa = PBXBuildFile; fileRef = 90B9704B2A0B732A00BE7DAF /* MobbinApp.swift */; };
		90B9704E2A0B76F900BE7DAF /* ScrollDetector.swift in Sources */ = {isa = PBXBuildFile; fileRef = 90B9704D2A0B76F900BE7DAF /* ScrollDetector.swift */; };
		90B970512A0B796600BE7DAF /* Introspect in Frameworks */ = {isa = PBXBuildFile; productRef = 90B970502A0B796600BE7DAF /* Introspect */; };
		90B970542A0B79B500BE7DAF /* MobbinScrollViewDelegate.swift in Sources */ = {isa = PBXBuildFile; fileRef = 90B970532A0B79B500BE7DAF /* MobbinScrollViewDelegate.swift */; };
		90B970572A0BC98500BE7DAF /* ImageCache.swift in Sources */ = {isa = PBXBuildFile; fileRef = 90B970562A0BC98500BE7DAF /* ImageCache.swift */; };
		90B9705A2A0C8D2400BE7DAF /* MobbinTabView.swift in Sources */ = {isa = PBXBuildFile; fileRef = 90B970592A0C8D2400BE7DAF /* MobbinTabView.swift */; };
		90B9705C2A0E6E8400BE7DAF /* TopRoundRectangle.swift in Sources */ = {isa = PBXBuildFile; fileRef = 90B9705B2A0E6E8400BE7DAF /* TopRoundRectangle.swift */; };
		90B9705E2A0E6ED300BE7DAF /* TabBarItem.swift in Sources */ = {isa = PBXBuildFile; fileRef = 90B9705D2A0E6ED300BE7DAF /* TabBarItem.swift */; };
		90B970602A0E6EE600BE7DAF /* TabStatus.swift in Sources */ = {isa = PBXBuildFile; fileRef = 90B9705F2A0E6EE600BE7DAF /* TabStatus.swift */; };
		90B970622A0E6F6E00BE7DAF /* TabViewModel.swift in Sources */ = {isa = PBXBuildFile; fileRef = 90B970612A0E6F6E00BE7DAF /* TabViewModel.swift */; };
		90E85BB229FF878800E69134 /* MobbinAPI in Frameworks */ = {isa = PBXBuildFile; productRef = 90E85BB129FF878800E69134 /* MobbinAPI */; };
		90E85BB729FF88C500E69134 /* MobbinManager.swift in Sources */ = {isa = PBXBuildFile; fileRef = 90E85BB629FF88C500E69134 /* MobbinManager.swift */; };
		90E85BB929FFF80800E69134 /* LoginView.swift in Sources */ = {isa = PBXBuildFile; fileRef = 90E85BB829FFF80800E69134 /* LoginView.swift */; };
		90E85BBC2A0002DA00E69134 /* MobbinTextField.swift in Sources */ = {isa = PBXBuildFile; fileRef = 90E85BBB2A0002DA00E69134 /* MobbinTextField.swift */; };
		90E85BBF2A00139100E69134 /* SwiftUIX in Frameworks */ = {isa = PBXBuildFile; productRef = 90E85BBE2A00139100E69134 /* SwiftUIX */; };
		90FBAAAE29FD5F0E008D7F4F /* MobApp.swift in Sources */ = {isa = PBXBuildFile; fileRef = 90FBAAAD29FD5F0E008D7F4F /* MobApp.swift */; };
		90FBAAB029FD5F0E008D7F4F /* ContentView.swift in Sources */ = {isa = PBXBuildFile; fileRef = 90FBAAAF29FD5F0E008D7F4F /* ContentView.swift */; };
		90FBAAB229FD5F0F008D7F4F /* Assets.xcassets in Resources */ = {isa = PBXBuildFile; fileRef = 90FBAAB129FD5F0F008D7F4F /* Assets.xcassets */; };
		90FBAAB529FD5F0F008D7F4F /* Preview Assets.xcassets in Resources */ = {isa = PBXBuildFile; fileRef = 90FBAAB429FD5F0F008D7F4F /* Preview Assets.xcassets */; };
/* End PBXBuildFile section */

/* Begin PBXFileReference section */
		903946362A00BDEF004FF650 /* MobbinTextButton.swift */ = {isa = PBXFileReference; lastKnownFileType = sourcecode.swift; path = MobbinTextButton.swift; sourceTree = "<group>"; };
		903946382A00DB97004FF650 /* MobbinButton.swift */ = {isa = PBXFileReference; lastKnownFileType = sourcecode.swift; path = MobbinButton.swift; sourceTree = "<group>"; };
		9039463B2A01222B004FF650 /* LoginViewModel.swift */ = {isa = PBXFileReference; lastKnownFileType = sourcecode.swift; path = LoginViewModel.swift; sourceTree = "<group>"; };
		903946402A0542FE004FF650 /* MobAppModel.swift */ = {isa = PBXFileReference; lastKnownFileType = sourcecode.swift; path = MobAppModel.swift; sourceTree = "<group>"; };
		903946432A054A3F004FF650 /* LoginPublisher.swift */ = {isa = PBXFileReference; lastKnownFileType = sourcecode.swift; path = LoginPublisher.swift; sourceTree = "<group>"; };
		903946452A06823F004FF650 /* MobbinScreenButton.swift */ = {isa = PBXFileReference; lastKnownFileType = sourcecode.swift; path = MobbinScreenButton.swift; sourceTree = "<group>"; };
		903946472A0682A7004FF650 /* MobbinStatusButton.swift */ = {isa = PBXFileReference; lastKnownFileType = sourcecode.swift; path = MobbinStatusButton.swift; sourceTree = "<group>"; };
		903946492A068467004FF650 /* CircleProgressView.swift */ = {isa = PBXFileReference; lastKnownFileType = sourcecode.swift; path = CircleProgressView.swift; sourceTree = "<group>"; };
		908E67002A07CD3A005C5BC8 /* MobbinPlatformSwitcher.swift */ = {isa = PBXFileReference; lastKnownFileType = sourcecode.swift; path = MobbinPlatformSwitcher.swift; sourceTree = "<group>"; };
		908E67032A07D347005C5BC8 /* Platform.swift */ = {isa = PBXFileReference; lastKnownFileType = sourcecode.swift; path = Platform.swift; sourceTree = "<group>"; };
		908E67062A08DC03005C5BC8 /* MobbinNavigationView.swift */ = {isa = PBXFileReference; lastKnownFileType = sourcecode.swift; path = MobbinNavigationView.swift; sourceTree = "<group>"; };
		908E67092A08F4FA005C5BC8 /* MobbinNavigationBar.swift */ = {isa = PBXFileReference; lastKnownFileType = sourcecode.swift; path = MobbinNavigationBar.swift; sourceTree = "<group>"; };
		908E670B2A08F5C0005C5BC8 /* NavigationViewModel.swift */ = {isa = PBXFileReference; lastKnownFileType = sourcecode.swift; path = NavigationViewModel.swift; sourceTree = "<group>"; };
		908E670D2A08F6D3005C5BC8 /* MobbinAvatarView.swift */ = {isa = PBXFileReference; lastKnownFileType = sourcecode.swift; path = MobbinAvatarView.swift; sourceTree = "<group>"; };
		908E67102A08F951005C5BC8 /* SizeInRuntime.swift */ = {isa = PBXFileReference; lastKnownFileType = sourcecode.swift; path = SizeInRuntime.swift; sourceTree = "<group>"; };
		908E67122A08FBEE005C5BC8 /* Section.swift */ = {isa = PBXFileReference; lastKnownFileType = sourcecode.swift; path = Section.swift; sourceTree = "<group>"; };
		908E67142A094185005C5BC8 /* ScrollOffset.swift */ = {isa = PBXFileReference; lastKnownFileType = sourcecode.swift; path = ScrollOffset.swift; sourceTree = "<group>"; };
		908E67162A094551005C5BC8 /* MobbinSectionButton.swift */ = {isa = PBXFileReference; lastKnownFileType = sourcecode.swift; path = MobbinSectionButton.swift; sourceTree = "<group>"; };
		908E67372A0A0805005C5BC8 /* KeyboardBackground.swift */ = {isa = PBXFileReference; lastKnownFileType = sourcecode.swift; path = KeyboardBackground.swift; sourceTree = "<group>"; };
		908E67392A0A0929005C5BC8 /* TouncDown.swift */ = {isa = PBXFileReference; lastKnownFileType = sourcecode.swift; path = TouncDown.swift; sourceTree = "<group>"; };
		908E673B2A0A14AB005C5BC8 /* MobbinPlatformPicker.swift */ = {isa = PBXFileReference; lastKnownFileType = sourcecode.swift; path = MobbinPlatformPicker.swift; sourceTree = "<group>"; };
		90B970402A0B70A300BE7DAF /* AppListItem.swift */ = {isa = PBXFileReference; lastKnownFileType = sourcecode.swift; path = AppListItem.swift; sourceTree = "<group>"; };
		90B970422A0B70B100BE7DAF /* LoadingView.swift */ = {isa = PBXFileReference; lastKnownFileType = sourcecode.swift; path = LoadingView.swift; sourceTree = "<group>"; };
		90B970442A0B713F00BE7DAF /* Indicator.swift */ = {isa = PBXFileReference; lastKnownFileType = sourcecode.swift; path = Indicator.swift; sourceTree = "<group>"; };
		90B970462A0B71FE00BE7DAF /* ListView.swift */ = {isa = PBXFileReference; lastKnownFileType = sourcecode.swift; path = ListView.swift; sourceTree = "<group>"; };
		90B970482A0B727A00BE7DAF /* ListViewModel.swift */ = {isa = PBXFileReference; lastKnownFileType = sourcecode.swift; path = ListViewModel.swift; sourceTree = "<group>"; };
		90B9704B2A0B732A00BE7DAF /* MobbinApp.swift */ = {isa = PBXFileReference; lastKnownFileType = sourcecode.swift; path = MobbinApp.swift; sourceTree = "<group>"; };
		90B9704D2A0B76F900BE7DAF /* ScrollDetector.swift */ = {isa = PBXFileReference; lastKnownFileType = sourcecode.swift; path = ScrollDetector.swift; sourceTree = "<group>"; };
		90B970532A0B79B500BE7DAF /* MobbinScrollViewDelegate.swift */ = {isa = PBXFileReference; lastKnownFileType = sourcecode.swift; path = MobbinScrollViewDelegate.swift; sourceTree = "<group>"; };
		90B970562A0BC98500BE7DAF /* ImageCache.swift */ = {isa = PBXFileReference; lastKnownFileType = sourcecode.swift; path = ImageCache.swift; sourceTree = "<group>"; };
		90B970592A0C8D2400BE7DAF /* MobbinTabView.swift */ = {isa = PBXFileReference; lastKnownFileType = sourcecode.swift; path = MobbinTabView.swift; sourceTree = "<group>"; };
		90B9705B2A0E6E8400BE7DAF /* TopRoundRectangle.swift */ = {isa = PBXFileReference; lastKnownFileType = sourcecode.swift; path = TopRoundRectangle.swift; sourceTree = "<group>"; };
		90B9705D2A0E6ED300BE7DAF /* TabBarItem.swift */ = {isa = PBXFileReference; lastKnownFileType = sourcecode.swift; path = TabBarItem.swift; sourceTree = "<group>"; };
		90B9705F2A0E6EE600BE7DAF /* TabStatus.swift */ = {isa = PBXFileReference; lastKnownFileType = sourcecode.swift; path = TabStatus.swift; sourceTree = "<group>"; };
		90B970612A0E6F6E00BE7DAF /* TabViewModel.swift */ = {isa = PBXFileReference; lastKnownFileType = sourcecode.swift; path = TabViewModel.swift; sourceTree = "<group>"; };
		90E85BAE29FF614200E69134 /* Info.plist */ = {isa = PBXFileReference; lastKnownFileType = text.plist; path = Info.plist; sourceTree = "<group>"; };
		90E85BB629FF88C500E69134 /* MobbinManager.swift */ = {isa = PBXFileReference; lastKnownFileType = sourcecode.swift; path = MobbinManager.swift; sourceTree = "<group>"; };
		90E85BB829FFF80800E69134 /* LoginView.swift */ = {isa = PBXFileReference; lastKnownFileType = sourcecode.swift; path = LoginView.swift; sourceTree = "<group>"; };
		90E85BBB2A0002DA00E69134 /* MobbinTextField.swift */ = {isa = PBXFileReference; lastKnownFileType = sourcecode.swift; path = MobbinTextField.swift; sourceTree = "<group>"; };
		90FBAAAA29FD5F0E008D7F4F /* Mob.app */ = {isa = PBXFileReference; explicitFileType = wrapper.application; includeInIndex = 0; path = Mob.app; sourceTree = BUILT_PRODUCTS_DIR; };
		90FBAAAD29FD5F0E008D7F4F /* MobApp.swift */ = {isa = PBXFileReference; lastKnownFileType = sourcecode.swift; path = MobApp.swift; sourceTree = "<group>"; };
		90FBAAAF29FD5F0E008D7F4F /* ContentView.swift */ = {isa = PBXFileReference; lastKnownFileType = sourcecode.swift; path = ContentView.swift; sourceTree = "<group>"; };
		90FBAAB129FD5F0F008D7F4F /* Assets.xcassets */ = {isa = PBXFileReference; lastKnownFileType = folder.assetcatalog; path = Assets.xcassets; sourceTree = "<group>"; };
		90FBAAB429FD5F0F008D7F4F /* Preview Assets.xcassets */ = {isa = PBXFileReference; lastKnownFileType = folder.assetcatalog; path = "Preview Assets.xcassets"; sourceTree = "<group>"; };
/* End PBXFileReference section */

/* Begin PBXFrameworksBuildPhase section */
		90FBAAA729FD5F0E008D7F4F /* Frameworks */ = {
			isa = PBXFrameworksBuildPhase;
			buildActionMask = 2147483647;
			files = (
				90E85BB229FF878800E69134 /* MobbinAPI in Frameworks */,
				90B970512A0B796600BE7DAF /* Introspect in Frameworks */,
				90B9703E2A0B4E8300BE7DAF /* VisualEffectView in Frameworks */,
				90E85BBF2A00139100E69134 /* SwiftUIX in Frameworks */,
			);
			runOnlyForDeploymentPostprocessing = 0;
		};
/* End PBXFrameworksBuildPhase section */

/* Begin PBXGroup section */
		9039463A2A012112004FF650 /* ViewModel */ = {
			isa = PBXGroup;
			children = (
				9039463B2A01222B004FF650 /* LoginViewModel.swift */,
				903946402A0542FE004FF650 /* MobAppModel.swift */,
				908E670B2A08F5C0005C5BC8 /* NavigationViewModel.swift */,
				90B970482A0B727A00BE7DAF /* ListViewModel.swift */,
				90B970612A0E6F6E00BE7DAF /* TabViewModel.swift */,
			);
			path = ViewModel;
			sourceTree = "<group>";
		};
		903946422A054A29004FF650 /* Publishers */ = {
			isa = PBXGroup;
			children = (
				90B970442A0B713F00BE7DAF /* Indicator.swift */,
				903946432A054A3F004FF650 /* LoginPublisher.swift */,
			);
			path = Publishers;
			sourceTree = "<group>";
		};
		908E67022A07D334005C5BC8 /* Model */ = {
			isa = PBXGroup;
			children = (
				908E67032A07D347005C5BC8 /* Platform.swift */,
				908E67122A08FBEE005C5BC8 /* Section.swift */,
				90B9705F2A0E6EE600BE7DAF /* TabStatus.swift */,
			);
			path = Model;
			sourceTree = "<group>";
		};
		908E67052A08DBEF005C5BC8 /* View Composition */ = {
			isa = PBXGroup;
			children = (
				90B970582A0C894500BE7DAF /* Tab */,
				90B9703F2A0B707000BE7DAF /* List */,
				908E67082A08F4EB005C5BC8 /* Navigation */,
			);
			path = "View Composition";
			sourceTree = "<group>";
		};
		908E67082A08F4EB005C5BC8 /* Navigation */ = {
			isa = PBXGroup;
			children = (
				908E67002A07CD3A005C5BC8 /* MobbinPlatformSwitcher.swift */,
				908E67062A08DC03005C5BC8 /* MobbinNavigationView.swift */,
				908E67092A08F4FA005C5BC8 /* MobbinNavigationBar.swift */,
				908E670D2A08F6D3005C5BC8 /* MobbinAvatarView.swift */,
			);
			path = Navigation;
			sourceTree = "<group>";
		};
		908E670F2A08F944005C5BC8 /* View Helper */ = {
			isa = PBXGroup;
			children = (
				908E67102A08F951005C5BC8 /* SizeInRuntime.swift */,
				908E67142A094185005C5BC8 /* ScrollOffset.swift */,
				908E67392A0A0929005C5BC8 /* TouncDown.swift */,
				90B9704D2A0B76F900BE7DAF /* ScrollDetector.swift */,
				90B9705B2A0E6E8400BE7DAF /* TopRoundRectangle.swift */,
			);
			path = "View Helper";
			sourceTree = "<group>";
		};
		90B9703F2A0B707000BE7DAF /* List */ = {
			isa = PBXGroup;
			children = (
				90B970402A0B70A300BE7DAF /* AppListItem.swift */,
				90B970422A0B70B100BE7DAF /* LoadingView.swift */,
				90B970462A0B71FE00BE7DAF /* ListView.swift */,
			);
			path = List;
			sourceTree = "<group>";
		};
		90B9704A2A0B732100BE7DAF /* TypeAlias */ = {
			isa = PBXGroup;
			children = (
				90B9704B2A0B732A00BE7DAF /* MobbinApp.swift */,
			);
			path = TypeAlias;
			sourceTree = "<group>";
		};
		90B970522A0B79A700BE7DAF /* Delegate */ = {
			isa = PBXGroup;
			children = (
				90B970532A0B79B500BE7DAF /* MobbinScrollViewDelegate.swift */,
			);
			path = Delegate;
			sourceTree = "<group>";
		};
		90B970552A0BC97000BE7DAF /* Cache */ = {
			isa = PBXGroup;
			children = (
				90B970562A0BC98500BE7DAF /* ImageCache.swift */,
			);
			path = Cache;
			sourceTree = "<group>";
		};
		90B970582A0C894500BE7DAF /* Tab */ = {
			isa = PBXGroup;
			children = (
				90B970592A0C8D2400BE7DAF /* MobbinTabView.swift */,
				90B9705D2A0E6ED300BE7DAF /* TabBarItem.swift */,
			);
			path = Tab;
			sourceTree = "<group>";
		};
		90E85BAF29FF650600E69134 /* View */ = {
			isa = PBXGroup;
			children = (
				908E67052A08DBEF005C5BC8 /* View Composition */,
				90FBAAAF29FD5F0E008D7F4F /* ContentView.swift */,
				90E85BB829FFF80800E69134 /* LoginView.swift */,
			);
			path = View;
			sourceTree = "<group>";
		};
		90E85BB329FF87C800E69134 /* Manager */ = {
			isa = PBXGroup;
			children = (
				90E85BB629FF88C500E69134 /* MobbinManager.swift */,
			);
			path = Manager;
			sourceTree = "<group>";
		};
		90E85BBA2A0002A000E69134 /* UI Component */ = {
			isa = PBXGroup;
			children = (
				908E67372A0A0805005C5BC8 /* KeyboardBackground.swift */,
				90E85BBB2A0002DA00E69134 /* MobbinTextField.swift */,
				903946362A00BDEF004FF650 /* MobbinTextButton.swift */,
				903946382A00DB97004FF650 /* MobbinButton.swift */,
				903946452A06823F004FF650 /* MobbinScreenButton.swift */,
				903946472A0682A7004FF650 /* MobbinStatusButton.swift */,
				903946492A068467004FF650 /* CircleProgressView.swift */,
				908E67162A094551005C5BC8 /* MobbinSectionButton.swift */,
				908E673B2A0A14AB005C5BC8 /* MobbinPlatformPicker.swift */,
			);
			path = "UI Component";
			sourceTree = "<group>";
		};
		90FBAAA129FD5F0E008D7F4F = {
			isa = PBXGroup;
			children = (
				90FBAAAC29FD5F0E008D7F4F /* Mob */,
				90FBAAAB29FD5F0E008D7F4F /* Products */,
			);
			sourceTree = "<group>";
		};
		90FBAAAB29FD5F0E008D7F4F /* Products */ = {
			isa = PBXGroup;
			children = (
				90FBAAAA29FD5F0E008D7F4F /* Mob.app */,
			);
			name = Products;
			sourceTree = "<group>";
		};
		90FBAAAC29FD5F0E008D7F4F /* Mob */ = {
			isa = PBXGroup;
			children = (
				90B970552A0BC97000BE7DAF /* Cache */,
				90B970522A0B79A700BE7DAF /* Delegate */,
				90B9704A2A0B732100BE7DAF /* TypeAlias */,
				908E670F2A08F944005C5BC8 /* View Helper */,
				908E67022A07D334005C5BC8 /* Model */,
				903946422A054A29004FF650 /* Publishers */,
				9039463A2A012112004FF650 /* ViewModel */,
				90E85BBA2A0002A000E69134 /* UI Component */,
				90E85BB329FF87C800E69134 /* Manager */,
				90E85BAF29FF650600E69134 /* View */,
				90E85BAE29FF614200E69134 /* Info.plist */,
				90FBAAAD29FD5F0E008D7F4F /* MobApp.swift */,
				90FBAAB129FD5F0F008D7F4F /* Assets.xcassets */,
				90FBAAB329FD5F0F008D7F4F /* Preview Content */,
			);
			path = Mob;
			sourceTree = "<group>";
		};
		90FBAAB329FD5F0F008D7F4F /* Preview Content */ = {
			isa = PBXGroup;
			children = (
				90FBAAB429FD5F0F008D7F4F /* Preview Assets.xcassets */,
			);
			path = "Preview Content";
			sourceTree = "<group>";
		};
/* End PBXGroup section */

/* Begin PBXNativeTarget section */
		90FBAAA929FD5F0E008D7F4F /* Mob */ = {
			isa = PBXNativeTarget;
			buildConfigurationList = 90FBAAB829FD5F0F008D7F4F /* Build configuration list for PBXNativeTarget "Mob" */;
			buildPhases = (
				90FBAAA629FD5F0E008D7F4F /* Sources */,
				90FBAAA729FD5F0E008D7F4F /* Frameworks */,
				90FBAAA829FD5F0E008D7F4F /* Resources */,
			);
			buildRules = (
			);
			dependencies = (
			);
			name = Mob;
			packageProductDependencies = (
				90E85BB129FF878800E69134 /* MobbinAPI */,
				90E85BBE2A00139100E69134 /* SwiftUIX */,
				90B9703D2A0B4E8300BE7DAF /* VisualEffectView */,
				90B970502A0B796600BE7DAF /* Introspect */,
			);
			productName = Mob;
			productReference = 90FBAAAA29FD5F0E008D7F4F /* Mob.app */;
			productType = "com.apple.product-type.application";
		};
/* End PBXNativeTarget section */

/* Begin PBXProject section */
		90FBAAA229FD5F0E008D7F4F /* Project object */ = {
			isa = PBXProject;
			attributes = {
				BuildIndependentTargetsInParallel = 1;
				LastSwiftUpdateCheck = 1430;
				LastUpgradeCheck = 1430;
				TargetAttributes = {
					90FBAAA929FD5F0E008D7F4F = {
						CreatedOnToolsVersion = 14.3;
					};
				};
			};
			buildConfigurationList = 90FBAAA529FD5F0E008D7F4F /* Build configuration list for PBXProject "Mob" */;
			compatibilityVersion = "Xcode 14.0";
			developmentRegion = en;
			hasScannedForEncodings = 0;
			knownRegions = (
				en,
				Base,
			);
			mainGroup = 90FBAAA129FD5F0E008D7F4F;
			packageReferences = (
				90E85BB029FF878800E69134 /* XCRemoteSwiftPackageReference "MobbinAPI" */,
				90E85BBD2A00139100E69134 /* XCRemoteSwiftPackageReference "SwiftUIX" */,
				90B9703C2A0B4E8300BE7DAF /* XCRemoteSwiftPackageReference "VisualEffectView" */,
				90B9704F2A0B796600BE7DAF /* XCRemoteSwiftPackageReference "SwiftUI-Introspect" */,
			);
			productRefGroup = 90FBAAAB29FD5F0E008D7F4F /* Products */;
			projectDirPath = "";
			projectRoot = "";
			targets = (
				90FBAAA929FD5F0E008D7F4F /* Mob */,
			);
		};
/* End PBXProject section */

/* Begin PBXResourcesBuildPhase section */
		90FBAAA829FD5F0E008D7F4F /* Resources */ = {
			isa = PBXResourcesBuildPhase;
			buildActionMask = 2147483647;
			files = (
				90FBAAB529FD5F0F008D7F4F /* Preview Assets.xcassets in Resources */,
				90FBAAB229FD5F0F008D7F4F /* Assets.xcassets in Resources */,
			);
			runOnlyForDeploymentPostprocessing = 0;
		};
/* End PBXResourcesBuildPhase section */

/* Begin PBXSourcesBuildPhase section */
		90FBAAA629FD5F0E008D7F4F /* Sources */ = {
			isa = PBXSourcesBuildPhase;
			buildActionMask = 2147483647;
			files = (
				90B9705C2A0E6E8400BE7DAF /* TopRoundRectangle.swift in Sources */,
				908E67112A08F951005C5BC8 /* SizeInRuntime.swift in Sources */,
				908E670C2A08F5C0005C5BC8 /* NavigationViewModel.swift in Sources */,
				908E67152A094185005C5BC8 /* ScrollOffset.swift in Sources */,
				908E67172A094551005C5BC8 /* MobbinSectionButton.swift in Sources */,
				908E67042A07D347005C5BC8 /* Platform.swift in Sources */,
				90B970572A0BC98500BE7DAF /* ImageCache.swift in Sources */,
				908E67132A08FBEE005C5BC8 /* Section.swift in Sources */,
				903946392A00DB97004FF650 /* MobbinButton.swift in Sources */,
				90B970542A0B79B500BE7DAF /* MobbinScrollViewDelegate.swift in Sources */,
				903946372A00BDEF004FF650 /* MobbinTextButton.swift in Sources */,
				908E670A2A08F4FA005C5BC8 /* MobbinNavigationBar.swift in Sources */,
				90B970602A0E6EE600BE7DAF /* TabStatus.swift in Sources */,
				903946462A06823F004FF650 /* MobbinScreenButton.swift in Sources */,
				90E85BB729FF88C500E69134 /* MobbinManager.swift in Sources */,
				9039464A2A068467004FF650 /* CircleProgressView.swift in Sources */,
				90B970452A0B713F00BE7DAF /* Indicator.swift in Sources */,
				90B9705A2A0C8D2400BE7DAF /* MobbinTabView.swift in Sources */,
				90FBAAB029FD5F0E008D7F4F /* ContentView.swift in Sources */,
				908E67072A08DC03005C5BC8 /* MobbinNavigationView.swift in Sources */,
				90B9704E2A0B76F900BE7DAF /* ScrollDetector.swift in Sources */,
				903946412A0542FE004FF650 /* MobAppModel.swift in Sources */,
				903946482A0682A7004FF650 /* MobbinStatusButton.swift in Sources */,
				908E670E2A08F6D4005C5BC8 /* MobbinAvatarView.swift in Sources */,
				90B970622A0E6F6E00BE7DAF /* TabViewModel.swift in Sources */,
				90B970472A0B71FE00BE7DAF /* ListView.swift in Sources */,
				908E673C2A0A14AB005C5BC8 /* MobbinPlatformPicker.swift in Sources */,
				90E85BB929FFF80800E69134 /* LoginView.swift in Sources */,
				90B970492A0B727A00BE7DAF /* ListViewModel.swift in Sources */,
				908E673A2A0A0929005C5BC8 /* TouncDown.swift in Sources */,
				903946442A054A3F004FF650 /* LoginPublisher.swift in Sources */,
				908E67012A07CD3A005C5BC8 /* MobbinPlatformSwitcher.swift in Sources */,
				90E85BBC2A0002DA00E69134 /* MobbinTextField.swift in Sources */,
				90B9704C2A0B732A00BE7DAF /* MobbinApp.swift in Sources */,
				90B9705E2A0E6ED300BE7DAF /* TabBarItem.swift in Sources */,
				90B970412A0B70A300BE7DAF /* AppListItem.swift in Sources */,
				90B970432A0B70B100BE7DAF /* LoadingView.swift in Sources */,
				90FBAAAE29FD5F0E008D7F4F /* MobApp.swift in Sources */,
				9039463C2A01222B004FF650 /* LoginViewModel.swift in Sources */,
				908E67382A0A0805005C5BC8 /* KeyboardBackground.swift in Sources */,
			);
			runOnlyForDeploymentPostprocessing = 0;
		};
/* End PBXSourcesBuildPhase section */

/* Begin XCBuildConfiguration section */
		90FBAAB629FD5F0F008D7F4F /* Debug */ = {
			isa = XCBuildConfiguration;
			buildSettings = {
				ALWAYS_SEARCH_USER_PATHS = NO;
				CLANG_ANALYZER_NONNULL = YES;
				CLANG_ANALYZER_NUMBER_OBJECT_CONVERSION = YES_AGGRESSIVE;
				CLANG_CXX_LANGUAGE_STANDARD = "gnu++20";
				CLANG_ENABLE_MODULES = YES;
				CLANG_ENABLE_OBJC_ARC = YES;
				CLANG_ENABLE_OBJC_WEAK = YES;
				CLANG_WARN_BLOCK_CAPTURE_AUTORELEASING = YES;
				CLANG_WARN_BOOL_CONVERSION = YES;
				CLANG_WARN_COMMA = YES;
				CLANG_WARN_CONSTANT_CONVERSION = YES;
				CLANG_WARN_DEPRECATED_OBJC_IMPLEMENTATIONS = YES;
				CLANG_WARN_DIRECT_OBJC_ISA_USAGE = YES_ERROR;
				CLANG_WARN_DOCUMENTATION_COMMENTS = YES;
				CLANG_WARN_EMPTY_BODY = YES;
				CLANG_WARN_ENUM_CONVERSION = YES;
				CLANG_WARN_INFINITE_RECURSION = YES;
				CLANG_WARN_INT_CONVERSION = YES;
				CLANG_WARN_NON_LITERAL_NULL_CONVERSION = YES;
				CLANG_WARN_OBJC_IMPLICIT_RETAIN_SELF = YES;
				CLANG_WARN_OBJC_LITERAL_CONVERSION = YES;
				CLANG_WARN_OBJC_ROOT_CLASS = YES_ERROR;
				CLANG_WARN_QUOTED_INCLUDE_IN_FRAMEWORK_HEADER = YES;
				CLANG_WARN_RANGE_LOOP_ANALYSIS = YES;
				CLANG_WARN_STRICT_PROTOTYPES = YES;
				CLANG_WARN_SUSPICIOUS_MOVE = YES;
				CLANG_WARN_UNGUARDED_AVAILABILITY = YES_AGGRESSIVE;
				CLANG_WARN_UNREACHABLE_CODE = YES;
				CLANG_WARN__DUPLICATE_METHOD_MATCH = YES;
				COPY_PHASE_STRIP = NO;
				DEBUG_INFORMATION_FORMAT = dwarf;
				ENABLE_STRICT_OBJC_MSGSEND = YES;
				ENABLE_TESTABILITY = YES;
				GCC_C_LANGUAGE_STANDARD = gnu11;
				GCC_DYNAMIC_NO_PIC = NO;
				GCC_NO_COMMON_BLOCKS = YES;
				GCC_OPTIMIZATION_LEVEL = 0;
				GCC_PREPROCESSOR_DEFINITIONS = (
					"DEBUG=1",
					"$(inherited)",
				);
				GCC_WARN_64_TO_32_BIT_CONVERSION = YES;
				GCC_WARN_ABOUT_RETURN_TYPE = YES_ERROR;
				GCC_WARN_UNDECLARED_SELECTOR = YES;
				GCC_WARN_UNINITIALIZED_AUTOS = YES_AGGRESSIVE;
				GCC_WARN_UNUSED_FUNCTION = YES;
				GCC_WARN_UNUSED_VARIABLE = YES;
				IPHONEOS_DEPLOYMENT_TARGET = 16.4;
				MTL_ENABLE_DEBUG_INFO = INCLUDE_SOURCE;
				MTL_FAST_MATH = YES;
				ONLY_ACTIVE_ARCH = YES;
				SDKROOT = iphoneos;
				SWIFT_ACTIVE_COMPILATION_CONDITIONS = DEBUG;
				SWIFT_OPTIMIZATION_LEVEL = "-Onone";
			};
			name = Debug;
		};
		90FBAAB729FD5F0F008D7F4F /* Release */ = {
			isa = XCBuildConfiguration;
			buildSettings = {
				ALWAYS_SEARCH_USER_PATHS = NO;
				CLANG_ANALYZER_NONNULL = YES;
				CLANG_ANALYZER_NUMBER_OBJECT_CONVERSION = YES_AGGRESSIVE;
				CLANG_CXX_LANGUAGE_STANDARD = "gnu++20";
				CLANG_ENABLE_MODULES = YES;
				CLANG_ENABLE_OBJC_ARC = YES;
				CLANG_ENABLE_OBJC_WEAK = YES;
				CLANG_WARN_BLOCK_CAPTURE_AUTORELEASING = YES;
				CLANG_WARN_BOOL_CONVERSION = YES;
				CLANG_WARN_COMMA = YES;
				CLANG_WARN_CONSTANT_CONVERSION = YES;
				CLANG_WARN_DEPRECATED_OBJC_IMPLEMENTATIONS = YES;
				CLANG_WARN_DIRECT_OBJC_ISA_USAGE = YES_ERROR;
				CLANG_WARN_DOCUMENTATION_COMMENTS = YES;
				CLANG_WARN_EMPTY_BODY = YES;
				CLANG_WARN_ENUM_CONVERSION = YES;
				CLANG_WARN_INFINITE_RECURSION = YES;
				CLANG_WARN_INT_CONVERSION = YES;
				CLANG_WARN_NON_LITERAL_NULL_CONVERSION = YES;
				CLANG_WARN_OBJC_IMPLICIT_RETAIN_SELF = YES;
				CLANG_WARN_OBJC_LITERAL_CONVERSION = YES;
				CLANG_WARN_OBJC_ROOT_CLASS = YES_ERROR;
				CLANG_WARN_QUOTED_INCLUDE_IN_FRAMEWORK_HEADER = YES;
				CLANG_WARN_RANGE_LOOP_ANALYSIS = YES;
				CLANG_WARN_STRICT_PROTOTYPES = YES;
				CLANG_WARN_SUSPICIOUS_MOVE = YES;
				CLANG_WARN_UNGUARDED_AVAILABILITY = YES_AGGRESSIVE;
				CLANG_WARN_UNREACHABLE_CODE = YES;
				CLANG_WARN__DUPLICATE_METHOD_MATCH = YES;
				COPY_PHASE_STRIP = NO;
				DEBUG_INFORMATION_FORMAT = "dwarf-with-dsym";
				ENABLE_NS_ASSERTIONS = NO;
				ENABLE_STRICT_OBJC_MSGSEND = YES;
				GCC_C_LANGUAGE_STANDARD = gnu11;
				GCC_NO_COMMON_BLOCKS = YES;
				GCC_WARN_64_TO_32_BIT_CONVERSION = YES;
				GCC_WARN_ABOUT_RETURN_TYPE = YES_ERROR;
				GCC_WARN_UNDECLARED_SELECTOR = YES;
				GCC_WARN_UNINITIALIZED_AUTOS = YES_AGGRESSIVE;
				GCC_WARN_UNUSED_FUNCTION = YES;
				GCC_WARN_UNUSED_VARIABLE = YES;
				IPHONEOS_DEPLOYMENT_TARGET = 16.4;
				MTL_ENABLE_DEBUG_INFO = NO;
				MTL_FAST_MATH = YES;
				SDKROOT = iphoneos;
				SWIFT_COMPILATION_MODE = wholemodule;
				SWIFT_OPTIMIZATION_LEVEL = "-O";
				VALIDATE_PRODUCT = YES;
			};
			name = Release;
		};
		90FBAAB929FD5F0F008D7F4F /* Debug */ = {
			isa = XCBuildConfiguration;
			buildSettings = {
				ASSETCATALOG_COMPILER_APPICON_NAME = AppIcon;
				ASSETCATALOG_COMPILER_GLOBAL_ACCENT_COLOR_NAME = AccentColor;
				CODE_SIGN_STYLE = Automatic;
				CURRENT_PROJECT_VERSION = 1;
				DEVELOPMENT_ASSET_PATHS = "\"Mob/Preview Content\"";
				DEVELOPMENT_TEAM = 44BN78992X;
				ENABLE_PREVIEWS = YES;
				GENERATE_INFOPLIST_FILE = YES;
				INFOPLIST_FILE = Mob/Info.plist;
				INFOPLIST_KEY_UIApplicationSceneManifest_Generation = YES;
				INFOPLIST_KEY_UIApplicationSupportsIndirectInputEvents = YES;
				INFOPLIST_KEY_UISupportedInterfaceOrientations = UIInterfaceOrientationPortrait;
				INFOPLIST_KEY_UISupportedInterfaceOrientations_iPad = "UIInterfaceOrientationLandscapeLeft UIInterfaceOrientationLandscapeRight UIInterfaceOrientationPortrait UIInterfaceOrientationPortraitUpsideDown";
				INFOPLIST_KEY_UIUserInterfaceStyle = Light;
				LD_RUNPATH_SEARCH_PATHS = (
					"$(inherited)",
					"@executable_path/Frameworks",
				);
				MARKETING_VERSION = 1.0;
				PRODUCT_BUNDLE_IDENTIFIER = com.zhuhaoyu.Mob;
				PRODUCT_NAME = "$(TARGET_NAME)";
				SUPPORTED_PLATFORMS = "iphoneos iphonesimulator";
				SUPPORTS_MACCATALYST = NO;
				SUPPORTS_MAC_DESIGNED_FOR_IPHONE_IPAD = NO;
				SWIFT_EMIT_LOC_STRINGS = YES;
				SWIFT_VERSION = 5.0;
				TARGETED_DEVICE_FAMILY = 1;
			};
			name = Debug;
		};
		90FBAABA29FD5F0F008D7F4F /* Release */ = {
			isa = XCBuildConfiguration;
			buildSettings = {
				ASSETCATALOG_COMPILER_APPICON_NAME = AppIcon;
				ASSETCATALOG_COMPILER_GLOBAL_ACCENT_COLOR_NAME = AccentColor;
				CODE_SIGN_STYLE = Automatic;
				CURRENT_PROJECT_VERSION = 1;
				DEVELOPMENT_ASSET_PATHS = "\"Mob/Preview Content\"";
				DEVELOPMENT_TEAM = 44BN78992X;
				ENABLE_PREVIEWS = YES;
				GENERATE_INFOPLIST_FILE = YES;
				INFOPLIST_FILE = Mob/Info.plist;
				INFOPLIST_KEY_UIApplicationSceneManifest_Generation = YES;
				INFOPLIST_KEY_UIApplicationSupportsIndirectInputEvents = YES;
				INFOPLIST_KEY_UISupportedInterfaceOrientations = UIInterfaceOrientationPortrait;
				INFOPLIST_KEY_UISupportedInterfaceOrientations_iPad = "UIInterfaceOrientationLandscapeLeft UIInterfaceOrientationLandscapeRight UIInterfaceOrientationPortrait UIInterfaceOrientationPortraitUpsideDown";
				INFOPLIST_KEY_UIUserInterfaceStyle = Light;
				LD_RUNPATH_SEARCH_PATHS = (
					"$(inherited)",
					"@executable_path/Frameworks",
				);
				MARKETING_VERSION = 1.0;
				PRODUCT_BUNDLE_IDENTIFIER = com.zhuhaoyu.Mob;
				PRODUCT_NAME = "$(TARGET_NAME)";
				SUPPORTED_PLATFORMS = "iphoneos iphonesimulator";
				SUPPORTS_MACCATALYST = NO;
				SUPPORTS_MAC_DESIGNED_FOR_IPHONE_IPAD = NO;
				SWIFT_EMIT_LOC_STRINGS = YES;
				SWIFT_VERSION = 5.0;
				TARGETED_DEVICE_FAMILY = 1;
			};
			name = Release;
		};
/* End XCBuildConfiguration section */

/* Begin XCConfigurationList section */
		90FBAAA529FD5F0E008D7F4F /* Build configuration list for PBXProject "Mob" */ = {
			isa = XCConfigurationList;
			buildConfigurations = (
				90FBAAB629FD5F0F008D7F4F /* Debug */,
				90FBAAB729FD5F0F008D7F4F /* Release */,
			);
			defaultConfigurationIsVisible = 0;
			defaultConfigurationName = Release;
		};
		90FBAAB829FD5F0F008D7F4F /* Build configuration list for PBXNativeTarget "Mob" */ = {
			isa = XCConfigurationList;
			buildConfigurations = (
				90FBAAB929FD5F0F008D7F4F /* Debug */,
				90FBAABA29FD5F0F008D7F4F /* Release */,
			);
			defaultConfigurationIsVisible = 0;
			defaultConfigurationName = Release;
		};
/* End XCConfigurationList section */

/* Begin XCRemoteSwiftPackageReference section */
		90B9703C2A0B4E8300BE7DAF /* XCRemoteSwiftPackageReference "VisualEffectView" */ = {
			isa = XCRemoteSwiftPackageReference;
			repositoryURL = "https://github.com/underthestars-zhy/VisualEffectView/";
			requirement = {
				branch = "Implementation-SwiftUO";
				kind = branch;
			};
		};
		90B9704F2A0B796600BE7DAF /* XCRemoteSwiftPackageReference "SwiftUI-Introspect" */ = {
			isa = XCRemoteSwiftPackageReference;
			repositoryURL = "https://github.com/siteline/SwiftUI-Introspect";
			requirement = {
				kind = upToNextMajorVersion;
				minimumVersion = 0.2.3;
			};
		};
		90E85BB029FF878800E69134 /* XCRemoteSwiftPackageReference "MobbinAPI" */ = {
			isa = XCRemoteSwiftPackageReference;
			repositoryURL = "https://github.com/underthestars-zhy/MobbinAPI";
			requirement = {
				kind = upToNextMinorVersion;
				minimumVersion = 1.1.4;
			};
		};
		90E85BBD2A00139100E69134 /* XCRemoteSwiftPackageReference "SwiftUIX" */ = {
			isa = XCRemoteSwiftPackageReference;
			repositoryURL = "https://github.com/SwiftUIX/SwiftUIX";
			requirement = {
				kind = upToNextMajorVersion;
				minimumVersion = 0.1.4;
			};
		};
/* End XCRemoteSwiftPackageReference section */

/* Begin XCSwiftPackageProductDependency section */
		90B9703D2A0B4E8300BE7DAF /* VisualEffectView */ = {
			isa = XCSwiftPackageProductDependency;
			package = 90B9703C2A0B4E8300BE7DAF /* XCRemoteSwiftPackageReference "VisualEffectView" */;
			productName = VisualEffectView;
		};
		90B970502A0B796600BE7DAF /* Introspect */ = {
			isa = XCSwiftPackageProductDependency;
			package = 90B9704F2A0B796600BE7DAF /* XCRemoteSwiftPackageReference "SwiftUI-Introspect" */;
			productName = Introspect;
		};
		90E85BB129FF878800E69134 /* MobbinAPI */ = {
			isa = XCSwiftPackageProductDependency;
			package = 90E85BB029FF878800E69134 /* XCRemoteSwiftPackageReference "MobbinAPI" */;
			productName = MobbinAPI;
		};
		90E85BBE2A00139100E69134 /* SwiftUIX */ = {
			isa = XCSwiftPackageProductDependency;
			package = 90E85BBD2A00139100E69134 /* XCRemoteSwiftPackageReference "SwiftUIX" */;
			productName = SwiftUIX;
		};
/* End XCSwiftPackageProductDependency section */
	};
	rootObject = 90FBAAA229FD5F0E008D7F4F /* Project object */;
}
